
Microsoft Visual Studio Solution File, Format Version 12.00
# Visual Studio Version 16
VisualStudioVersion = 16.0.30225.117
MinimumVisualStudioVersion = 10.0.40219.1
Project("{FAE04EC0-301F-11D3-BF4B-00C04F79EFBC}") = "MVCClient", "MVCClient\MVCClient.csproj", "{51227FF6-DEE8-4602-B41A-F647ECA2959B}"
EndProject
Global
	GlobalSection(SolutionConfigurationPlatforms) = preSolution
		Debug|Any CPU = Debug|Any CPU
		Release|Any CPU = Release|Any CPU
	EndGlobalSection
	GlobalSection(ProjectConfigurationPlatforms) = postSolution
		{51227FF6-DEE8-4602-B41A-F647ECA2959B}.Debug|Any CPU.ActiveCfg = Debug|Any CPU
		{51227FF6-DEE8-4602-B41A-F647ECA2959B}.Debug|Any CPU.Build.0 = Debug|Any CPU
		{51227FF6-DEE8-4602-B41A-F647ECA2959B}.Release|Any CPU.ActiveCfg = Release|Any CPU
		{51227FF6-DEE8-4602-B41A-F647ECA2959B}.Release|Any CPU.Build.0 = Release|Any CPU
	EndGlobalSection
	GlobalSection(SolutionProperties) = preSolution
		HideSolutionNode = FALSE
	EndGlobalSection
	GlobalSection(ExtensibilityGlobals) = postSolution
		SolutionGuid = {4C1DE7A7-1501-4E61-8EE5-4770C2D18B41}
	EndGlobalSection
EndGlobal
